
Microsoft Visual Studio Solution File, Format Version 12.00
# Visual Studio Version 16
VisualStudioVersion = 16.0.32413.511
MinimumVisualStudioVersion = 10.0.40219.1
Project("{9A19103F-16F7-4668-BE54-9A1E7A4F7556}") = "AudioGeneration.Tool.Function", "AudioGeneration.Tool.Function\AudioGeneration.Tool.Function.csproj", "{A1EA2511-9231-4AEC-BCC3-6EC85FEAB37C}"
EndProject
Project("{9A19103F-16F7-4668-BE54-9A1E7A4F7556}") = "BatchClient", "batchclient\BatchClient.csproj", "{00E5B4E3-3A13-4298-AAE3-FFA47A6740C2}"
EndProject
Project("{9A19103F-16F7-4668-BE54-9A1E7A4F7556}") = "BatchTesting.Tool.Function", "BatchTesting.Tool.Function\BatchTesting.Tool.Function.csproj", "{5D62BCFF-24AC-4668-AAD7-E87C84F00595}"
EndProject
Global
	GlobalSection(SolutionConfigurationPlatforms) = preSolution
		Debug|Any CPU = Debug|Any CPU
		Debug|x64 = Debug|x64
		Debug|x86 = Debug|x86
		Release|Any CPU = Release|Any CPU
		Release|x64 = Release|x64
		Release|x86 = Release|x86
	EndGlobalSection
	GlobalSection(ProjectConfigurationPlatforms) = postSolution
		{A1EA2511-9231-4AEC-BCC3-6EC85FEAB37C}.Debug|Any CPU.ActiveCfg = Debug|Any CPU
		{A1EA2511-9231-4AEC-BCC3-6EC85FEAB37C}.Debug|Any CPU.Build.0 = Debug|Any CPU
		{A1EA2511-9231-4AEC-BCC3-6EC85FEAB37C}.Debug|x64.ActiveCfg = Debug|Any CPU
		{A1EA2511-9231-4AEC-BCC3-6EC85FEAB37C}.Debug|x64.Build.0 = Debug|Any CPU
		{A1EA2511-9231-4AEC-BCC3-6EC85FEAB37C}.Debug|x86.ActiveCfg = Debug|Any CPU
		{A1EA2511-9231-4AEC-BCC3-6EC85FEAB37C}.Debug|x86.Build.0 = Debug|Any CPU
		{A1EA2511-9231-4AEC-BCC3-6EC85FEAB37C}.Release|Any CPU.ActiveCfg = Release|Any CPU
		{A1EA2511-9231-4AEC-BCC3-6EC85FEAB37C}.Release|Any CPU.Build.0 = Release|Any CPU
		{A1EA2511-9231-4AEC-BCC3-6EC85FEAB37C}.Release|x64.ActiveCfg = Release|Any CPU
		{A1EA2511-9231-4AEC-BCC3-6EC85FEAB37C}.Release|x64.Build.0 = Release|Any CPU
		{A1EA2511-9231-4AEC-BCC3-6EC85FEAB37C}.Release|x86.ActiveCfg = Release|Any CPU
		{A1EA2511-9231-4AEC-BCC3-6EC85FEAB37C}.Release|x86.Build.0 = Release|Any CPU
		{00E5B4E3-3A13-4298-AAE3-FFA47A6740C2}.Debug|Any CPU.ActiveCfg = Debug|Any CPU
		{00E5B4E3-3A13-4298-AAE3-FFA47A6740C2}.Debug|Any CPU.Build.0 = Debug|Any CPU
		{00E5B4E3-3A13-4298-AAE3-FFA47A6740C2}.Debug|x64.ActiveCfg = Debug|Any CPU
		{00E5B4E3-3A13-4298-AAE3-FFA47A6740C2}.Debug|x64.Build.0 = Debug|Any CPU
		{00E5B4E3-3A13-4298-AAE3-FFA47A6740C2}.Debug|x86.ActiveCfg = Debug|Any CPU
		{00E5B4E3-3A13-4298-AAE3-FFA47A6740C2}.Debug|x86.Build.0 = Debug|Any CPU
		{00E5B4E3-3A13-4298-AAE3-FFA47A6740C2}.Release|Any CPU.ActiveCfg = Release|Any CPU
		{00E5B4E3-3A13-4298-AAE3-FFA47A6740C2}.Release|Any CPU.Build.0 = Release|Any CPU
		{00E5B4E3-3A13-4298-AAE3-FFA47A6740C2}.Release|x64.ActiveCfg = Release|Any CPU
		{00E5B4E3-3A13-4298-AAE3-FFA47A6740C2}.Release|x64.Build.0 = Release|Any CPU
		{00E5B4E3-3A13-4298-AAE3-FFA47A6740C2}.Release|x86.ActiveCfg = Release|Any CPU
		{00E5B4E3-3A13-4298-AAE3-FFA47A6740C2}.Release|x86.Build.0 = Release|Any CPU
		{5D62BCFF-24AC-4668-AAD7-E87C84F00595}.Debug|Any CPU.ActiveCfg = Debug|Any CPU
		{5D62BCFF-24AC-4668-AAD7-E87C84F00595}.Debug|Any CPU.Build.0 = Debug|Any CPU
		{5D62BCFF-24AC-4668-AAD7-E87C84F00595}.Debug|x64.ActiveCfg = Debug|Any CPU
		{5D62BCFF-24AC-4668-AAD7-E87C84F00595}.Debug|x64.Build.0 = Debug|Any CPU
		{5D62BCFF-24AC-4668-AAD7-E87C84F00595}.Debug|x86.ActiveCfg = Debug|Any CPU
		{5D62BCFF-24AC-4668-AAD7-E87C84F00595}.Debug|x86.Build.0 = Debug|Any CPU
		{5D62BCFF-24AC-4668-AAD7-E87C84F00595}.Release|Any CPU.ActiveCfg = Release|Any CPU
		{5D62BCFF-24AC-4668-AAD7-E87C84F00595}.Release|Any CPU.Build.0 = Release|Any CPU
		{5D62BCFF-24AC-4668-AAD7-E87C84F00595}.Release|x64.ActiveCfg = Release|Any CPU
		{5D62BCFF-24AC-4668-AAD7-E87C84F00595}.Release|x64.Build.0 = Release|Any CPU
		{5D62BCFF-24AC-4668-AAD7-E87C84F00595}.Release|x86.ActiveCfg = Release|Any CPU
		{5D62BCFF-24AC-4668-AAD7-E87C84F00595}.Release|x86.Build.0 = Release|Any CPU
	EndGlobalSection
	GlobalSection(SolutionProperties) = preSolution
		HideSolutionNode = FALSE
	EndGlobalSection
	GlobalSection(ExtensibilityGlobals) = postSolution
		SolutionGuid = {A4B9D4C9-0E26-43D6-A858-53A354530E48}
	EndGlobalSection
EndGlobal
